
Microsoft Visual Studio Solution File, Format Version 12.00
# Visual Studio Version 16
VisualStudioVersion = 16.0.30011.22
MinimumVisualStudioVersion = 10.0.40219.1
Project("{FAE04EC0-301F-11D3-BF4B-00C04F79EFBC}") = "Ten-Fold 2.0", "Ten-Fold 2.0\Ten-Fold 2.0.csproj", "{31cc4011-e987-4824-a79a-e2b8afb32263}"
EndProject
Global
	GlobalSection(SolutionConfigurationPlatforms) = preSolution
		Debug|Any CPU = Debug|Any CPU
		Release|Any CPU = Release|Any CPU
	EndGlobalSection
	GlobalSection(ProjectConfigurationPlatforms) = postSolution
		{31cc4011-e987-4824-a79a-e2b8afb32263}.Debug|Any CPU.ActiveCfg = Debug|Any CPU
		{31cc4011-e987-4824-a79a-e2b8afb32263}.Debug|Any CPU.Build.0 = Debug|Any CPU
		{31cc4011-e987-4824-a79a-e2b8afb32263}.Release|Any CPU.ActiveCfg = Release|Any CPU
		{31cc4011-e987-4824-a79a-e2b8afb32263}.Release|Any CPU.Build.0 = Release|Any CPU
	EndGlobalSection
	GlobalSection(SolutionProperties) = preSolution
		HideSolutionNode = FALSE
	EndGlobalSection
EndGlobal
